
Microsoft Visual Studio Solution File, Format Version 12.00
# Visual Studio 15
VisualStudioVersion = 15.0.27130.2010
MinimumVisualStudioVersion = 10.0.40219.1
Project("{FAE04EC0-301F-11D3-BF4B-00C04F79EFBC}") = "Maidsafe.Android", "Maidsafe\Maidsafe.Android\Maidsafe.Android.csproj", "{6AA40A92-11AE-4885-BEDE-8C1357BDFE40}"
EndProject
Project("{FAE04EC0-301F-11D3-BF4B-00C04F79EFBC}") = "Maidsafe.iOS", "Maidsafe\Maidsafe.iOS\Maidsafe.iOS.csproj", "{8B351877-A2F8-4277-AE29-96300EF79851}"
EndProject
Project("{FAE04EC0-301F-11D3-BF4B-00C04F79EFBC}") = "Maidsafe.UWP", "Maidsafe\Maidsafe.UWP\Maidsafe.UWP.csproj", "{52799357-D038-4DBC-98F1-3D99A5C3A84C}"
EndProject
Project("{FAE04EC0-301F-11D3-BF4B-00C04F79EFBC}") = "Maidsafe", "Maidsafe\Maidsafe\Maidsafe.csproj", "{A76C3074-DCE8-44E3-9977-2443D3234B0D}"
EndProject
Global
	GlobalSection(SolutionConfigurationPlatforms) = preSolution
		Ad-Hoc|Any CPU = Ad-Hoc|Any CPU
		Ad-Hoc|ARM = Ad-Hoc|ARM
		Ad-Hoc|iPhone = Ad-Hoc|iPhone
		Ad-Hoc|iPhoneSimulator = Ad-Hoc|iPhoneSimulator
		Ad-Hoc|x64 = Ad-Hoc|x64
		Ad-Hoc|x86 = Ad-Hoc|x86
		AppStore|Any CPU = AppStore|Any CPU
		AppStore|ARM = AppStore|ARM
		AppStore|iPhone = AppStore|iPhone
		AppStore|iPhoneSimulator = AppStore|iPhoneSimulator
		AppStore|x64 = AppStore|x64
		AppStore|x86 = AppStore|x86
		Debug|Any CPU = Debug|Any CPU
		Debug|ARM = Debug|ARM
		Debug|iPhone = Debug|iPhone
		Debug|iPhoneSimulator = Debug|iPhoneSimulator
		Debug|x64 = Debug|x64
		Debug|x86 = Debug|x86
		Release|Any CPU = Release|Any CPU
		Release|ARM = Release|ARM
		Release|iPhone = Release|iPhone
		Release|iPhoneSimulator = Release|iPhoneSimulator
		Release|x64 = Release|x64
		Release|x86 = Release|x86
	EndGlobalSection
	GlobalSection(ProjectConfigurationPlatforms) = postSolution
		{6AA40A92-11AE-4885-BEDE-8C1357BDFE40}.Ad-Hoc|Any CPU.ActiveCfg = Release|Any CPU
		{6AA40A92-11AE-4885-BEDE-8C1357BDFE40}.Ad-Hoc|Any CPU.Build.0 = Release|Any CPU
		{6AA40A92-11AE-4885-BEDE-8C1357BDFE40}.Ad-Hoc|Any CPU.Deploy.0 = Release|Any CPU
		{6AA40A92-11AE-4885-BEDE-8C1357BDFE40}.Ad-Hoc|ARM.ActiveCfg = Release|Any CPU
		{6AA40A92-11AE-4885-BEDE-8C1357BDFE40}.Ad-Hoc|ARM.Build.0 = Release|Any CPU
		{6AA40A92-11AE-4885-BEDE-8C1357BDFE40}.Ad-Hoc|ARM.Deploy.0 = Release|Any CPU
		{6AA40A92-11AE-4885-BEDE-8C1357BDFE40}.Ad-Hoc|iPhone.ActiveCfg = Release|Any CPU
		{6AA40A92-11AE-4885-BEDE-8C1357BDFE40}.Ad-Hoc|iPhone.Build.0 = Release|Any CPU
		{6AA40A92-11AE-4885-BEDE-8C1357BDFE40}.Ad-Hoc|iPhone.Deploy.0 = Release|Any CPU
		{6AA40A92-11AE-4885-BEDE-8C1357BDFE40}.Ad-Hoc|iPhoneSimulator.ActiveCfg = Release|Any CPU
		{6AA40A92-11AE-4885-BEDE-8C1357BDFE40}.Ad-Hoc|iPhoneSimulator.Build.0 = Release|Any CPU
		{6AA40A92-11AE-4885-BEDE-8C1357BDFE40}.Ad-Hoc|iPhoneSimulator.Deploy.0 = Release|Any CPU
		{6AA40A92-11AE-4885-BEDE-8C1357BDFE40}.Ad-Hoc|x64.ActiveCfg = Release|Any CPU
		{6AA40A92-11AE-4885-BEDE-8C1357BDFE40}.Ad-Hoc|x64.Build.0 = Release|Any CPU
		{6AA40A92-11AE-4885-BEDE-8C1357BDFE40}.Ad-Hoc|x64.Deploy.0 = Release|Any CPU
		{6AA40A92-11AE-4885-BEDE-8C1357BDFE40}.Ad-Hoc|x86.ActiveCfg = Release|Any CPU
		{6AA40A92-11AE-4885-BEDE-8C1357BDFE40}.Ad-Hoc|x86.Build.0 = Release|Any CPU
		{6AA40A92-11AE-4885-BEDE-8C1357BDFE40}.Ad-Hoc|x86.Deploy.0 = Release|Any CPU
		{6AA40A92-11AE-4885-BEDE-8C1357BDFE40}.AppStore|Any CPU.ActiveCfg = Release|Any CPU
		{6AA40A92-11AE-4885-BEDE-8C1357BDFE40}.AppStore|Any CPU.Build.0 = Release|Any CPU
		{6AA40A92-11AE-4885-BEDE-8C1357BDFE40}.AppStore|Any CPU.Deploy.0 = Release|Any CPU
		{6AA40A92-11AE-4885-BEDE-8C1357BDFE40}.AppStore|ARM.ActiveCfg = Release|Any CPU
		{6AA40A92-11AE-4885-BEDE-8C1357BDFE40}.AppStore|ARM.Build.0 = Release|Any CPU
		{6AA40A92-11AE-4885-BEDE-8C1357BDFE40}.AppStore|ARM.Deploy.0 = Release|Any CPU
		{6AA40A92-11AE-4885-BEDE-8C1357BDFE40}.AppStore|iPhone.ActiveCfg = Release|Any CPU
		{6AA40A92-11AE-4885-BEDE-8C1357BDFE40}.AppStore|iPhone.Build.0 = Release|Any CPU
		{6AA40A92-11AE-4885-BEDE-8C1357BDFE40}.AppStore|iPhone.Deploy.0 = Release|Any CPU
		{6AA40A92-11AE-4885-BEDE-8C1357BDFE40}.AppStore|iPhoneSimulator.ActiveCfg = Release|Any CPU
		{6AA40A92-11AE-4885-BEDE-8C1357BDFE40}.AppStore|iPhoneSimulator.Build.0 = Release|Any CPU
		{6AA40A92-11AE-4885-BEDE-8C1357BDFE40}.AppStore|iPhoneSimulator.Deploy.0 = Release|Any CPU
		{6AA40A92-11AE-4885-BEDE-8C1357BDFE40}.AppStore|x64.ActiveCfg = Release|Any CPU
		{6AA40A92-11AE-4885-BEDE-8C1357BDFE40}.AppStore|x64.Build.0 = Release|Any CPU
		{6AA40A92-11AE-4885-BEDE-8C1357BDFE40}.AppStore|x64.Deploy.0 = Release|Any CPU
		{6AA40A92-11AE-4885-BEDE-8C1357BDFE40}.AppStore|x86.ActiveCfg = Release|Any CPU
		{6AA40A92-11AE-4885-BEDE-8C1357BDFE40}.AppStore|x86.Build.0 = Release|Any CPU
		{6AA40A92-11AE-4885-BEDE-8C1357BDFE40}.AppStore|x86.Deploy.0 = Release|Any CPU
		{6AA40A92-11AE-4885-BEDE-8C1357BDFE40}.Debug|Any CPU.ActiveCfg = Debug|Any CPU
		{6AA40A92-11AE-4885-BEDE-8C1357BDFE40}.Debug|Any CPU.Build.0 = Debug|Any CPU
		{6AA40A92-11AE-4885-BEDE-8C1357BDFE40}.Debug|Any CPU.Deploy.0 = Debug|Any CPU
		{6AA40A92-11AE-4885-BEDE-8C1357BDFE40}.Debug|ARM.ActiveCfg = Debug|Any CPU
		{6AA40A92-11AE-4885-BEDE-8C1357BDFE40}.Debug|ARM.Build.0 = Debug|Any CPU
		{6AA40A92-11AE-4885-BEDE-8C1357BDFE40}.Debug|ARM.Deploy.0 = Debug|Any CPU
		{6AA40A92-11AE-4885-BEDE-8C1357BDFE40}.Debug|iPhone.ActiveCfg = Debug|Any CPU
		{6AA40A92-11AE-4885-BEDE-8C1357BDFE40}.Debug|iPhone.Build.0 = Debug|Any CPU
		{6AA40A92-11AE-4885-BEDE-8C1357BDFE40}.Debug|iPhone.Deploy.0 = Debug|Any CPU
		{6AA40A92-11AE-4885-BEDE-8C1357BDFE40}.Debug|iPhoneSimulator.ActiveCfg = Debug|Any CPU
		{6AA40A92-11AE-4885-BEDE-8C1357BDFE40}.Debug|iPhoneSimulator.Build.0 = Debug|Any CPU
		{6AA40A92-11AE-4885-BEDE-8C1357BDFE40}.Debug|iPhoneSimulator.Deploy.0 = Debug|Any CPU
		{6AA40A92-11AE-4885-BEDE-8C1357BDFE40}.Debug|x64.ActiveCfg = Debug|Any CPU
		{6AA40A92-11AE-4885-BEDE-8C1357BDFE40}.Debug|x64.Build.0 = Debug|Any CPU
		{6AA40A92-11AE-4885-BEDE-8C1357BDFE40}.Debug|x64.Deploy.0 = Debug|Any CPU
		{6AA40A92-11AE-4885-BEDE-8C1357BDFE40}.Debug|x86.ActiveCfg = Debug|Any CPU
		{6AA40A92-11AE-4885-BEDE-8C1357BDFE40}.Debug|x86.Build.0 = Debug|Any CPU
		{6AA40A92-11AE-4885-BEDE-8C1357BDFE40}.Debug|x86.Deploy.0 = Debug|Any CPU
		{6AA40A92-11AE-4885-BEDE-8C1357BDFE40}.Release|Any CPU.ActiveCfg = Release|Any CPU
		{6AA40A92-11AE-4885-BEDE-8C1357BDFE40}.Release|Any CPU.Build.0 = Release|Any CPU
		{6AA40A92-11AE-4885-BEDE-8C1357BDFE40}.Release|Any CPU.Deploy.0 = Release|Any CPU
		{6AA40A92-11AE-4885-BEDE-8C1357BDFE40}.Release|ARM.ActiveCfg = Release|Any CPU
		{6AA40A92-11AE-4885-BEDE-8C1357BDFE40}.Release|ARM.Build.0 = Release|Any CPU
		{6AA40A92-11AE-4885-BEDE-8C1357BDFE40}.Release|ARM.Deploy.0 = Release|Any CPU
		{6AA40A92-11AE-4885-BEDE-8C1357BDFE40}.Release|iPhone.ActiveCfg = Release|Any CPU
		{6AA40A92-11AE-4885-BEDE-8C1357BDFE40}.Release|iPhone.Build.0 = Release|Any CPU
		{6AA40A92-11AE-4885-BEDE-8C1357BDFE40}.Release|iPhone.Deploy.0 = Release|Any CPU
		{6AA40A92-11AE-4885-BEDE-8C1357BDFE40}.Release|iPhoneSimulator.ActiveCfg = Release|Any CPU
		{6AA40A92-11AE-4885-BEDE-8C1357BDFE40}.Release|iPhoneSimulator.Build.0 = Release|Any CPU
		{6AA40A92-11AE-4885-BEDE-8C1357BDFE40}.Release|iPhoneSimulator.Deploy.0 = Release|Any CPU
		{6AA40A92-11AE-4885-BEDE-8C1357BDFE40}.Release|x64.ActiveCfg = Release|Any CPU
		{6AA40A92-11AE-4885-BEDE-8C1357BDFE40}.Release|x64.Build.0 = Release|Any CPU
		{6AA40A92-11AE-4885-BEDE-8C1357BDFE40}.Release|x64.Deploy.0 = Release|Any CPU
		{6AA40A92-11AE-4885-BEDE-8C1357BDFE40}.Release|x86.ActiveCfg = Release|Any CPU
		{6AA40A92-11AE-4885-BEDE-8C1357BDFE40}.Release|x86.Build.0 = Release|Any CPU
		{6AA40A92-11AE-4885-BEDE-8C1357BDFE40}.Release|x86.Deploy.0 = Release|Any CPU
		{8B351877-A2F8-4277-AE29-96300EF79851}.Ad-Hoc|Any CPU.ActiveCfg = Ad-Hoc|iPhone
		{8B351877-A2F8-4277-AE29-96300EF79851}.Ad-Hoc|ARM.ActiveCfg = Ad-Hoc|iPhone
		{8B351877-A2F8-4277-AE29-96300EF79851}.Ad-Hoc|iPhone.ActiveCfg = Ad-Hoc|iPhone
		{8B351877-A2F8-4277-AE29-96300EF79851}.Ad-Hoc|iPhone.Build.0 = Ad-Hoc|iPhone
		{8B351877-A2F8-4277-AE29-96300EF79851}.Ad-Hoc|iPhoneSimulator.ActiveCfg = Ad-Hoc|iPhoneSimulator
		{8B351877-A2F8-4277-AE29-96300EF79851}.Ad-Hoc|iPhoneSimulator.Build.0 = Ad-Hoc|iPhoneSimulator
		{8B351877-A2F8-4277-AE29-96300EF79851}.Ad-Hoc|x64.ActiveCfg = Ad-Hoc|iPhone
		{8B351877-A2F8-4277-AE29-96300EF79851}.Ad-Hoc|x86.ActiveCfg = Ad-Hoc|iPhone
		{8B351877-A2F8-4277-AE29-96300EF79851}.AppStore|Any CPU.ActiveCfg = AppStore|iPhone
		{8B351877-A2F8-4277-AE29-96300EF79851}.AppStore|ARM.ActiveCfg = AppStore|iPhone
		{8B351877-A2F8-4277-AE29-96300EF79851}.AppStore|iPhone.ActiveCfg = AppStore|iPhone
		{8B351877-A2F8-4277-AE29-96300EF79851}.AppStore|iPhone.Build.0 = AppStore|iPhone
		{8B351877-A2F8-4277-AE29-96300EF79851}.AppStore|iPhoneSimulator.ActiveCfg = AppStore|iPhoneSimulator
		{8B351877-A2F8-4277-AE29-96300EF79851}.AppStore|iPhoneSimulator.Build.0 = AppStore|iPhoneSimulator
		{8B351877-A2F8-4277-AE29-96300EF79851}.AppStore|x64.ActiveCfg = AppStore|iPhone
		{8B351877-A2F8-4277-AE29-96300EF79851}.AppStore|x86.ActiveCfg = AppStore|iPhone
		{8B351877-A2F8-4277-AE29-96300EF79851}.Debug|Any CPU.ActiveCfg = Debug|iPhone
		{8B351877-A2F8-4277-AE29-96300EF79851}.Debug|ARM.ActiveCfg = Debug|iPhone
		{8B351877-A2F8-4277-AE29-96300EF79851}.Debug|iPhone.ActiveCfg = Debug|iPhone
		{8B351877-A2F8-4277-AE29-96300EF79851}.Debug|iPhone.Build.0 = Debug|iPhone
		{8B351877-A2F8-4277-AE29-96300EF79851}.Debug|iPhoneSimulator.ActiveCfg = Debug|iPhoneSimulator
		{8B351877-A2F8-4277-AE29-96300EF79851}.Debug|iPhoneSimulator.Build.0 = Debug|iPhoneSimulator
		{8B351877-A2F8-4277-AE29-96300EF79851}.Debug|x64.ActiveCfg = Debug|iPhone
		{8B351877-A2F8-4277-AE29-96300EF79851}.Debug|x86.ActiveCfg = Debug|iPhone
		{8B351877-A2F8-4277-AE29-96300EF79851}.Release|Any CPU.ActiveCfg = Release|iPhone
		{8B351877-A2F8-4277-AE29-96300EF79851}.Release|ARM.ActiveCfg = Release|iPhone
		{8B351877-A2F8-4277-AE29-96300EF79851}.Release|iPhone.ActiveCfg = Release|iPhone
		{8B351877-A2F8-4277-AE29-96300EF79851}.Release|iPhone.Build.0 = Release|iPhone
		{8B351877-A2F8-4277-AE29-96300EF79851}.Release|iPhoneSimulator.ActiveCfg = Release|iPhoneSimulator
		{8B351877-A2F8-4277-AE29-96300EF79851}.Release|iPhoneSimulator.Build.0 = Release|iPhoneSimulator
		{8B351877-A2F8-4277-AE29-96300EF79851}.Release|x64.ActiveCfg = Release|iPhone
		{8B351877-A2F8-4277-AE29-96300EF79851}.Release|x86.ActiveCfg = Release|iPhone
		{52799357-D038-4DBC-98F1-3D99A5C3A84C}.Ad-Hoc|Any CPU.ActiveCfg = Release|x86
		{52799357-D038-4DBC-98F1-3D99A5C3A84C}.Ad-Hoc|Any CPU.Build.0 = Release|x86
		{52799357-D038-4DBC-98F1-3D99A5C3A84C}.Ad-Hoc|Any CPU.Deploy.0 = Release|x86
		{52799357-D038-4DBC-98F1-3D99A5C3A84C}.Ad-Hoc|ARM.ActiveCfg = Release|ARM
		{52799357-D038-4DBC-98F1-3D99A5C3A84C}.Ad-Hoc|ARM.Build.0 = Release|ARM
		{52799357-D038-4DBC-98F1-3D99A5C3A84C}.Ad-Hoc|ARM.Deploy.0 = Release|ARM
		{52799357-D038-4DBC-98F1-3D99A5C3A84C}.Ad-Hoc|iPhone.ActiveCfg = Release|x86
		{52799357-D038-4DBC-98F1-3D99A5C3A84C}.Ad-Hoc|iPhone.Build.0 = Release|x86
		{52799357-D038-4DBC-98F1-3D99A5C3A84C}.Ad-Hoc|iPhone.Deploy.0 = Release|x86
		{52799357-D038-4DBC-98F1-3D99A5C3A84C}.Ad-Hoc|iPhoneSimulator.ActiveCfg = Release|x86
		{52799357-D038-4DBC-98F1-3D99A5C3A84C}.Ad-Hoc|iPhoneSimulator.Build.0 = Release|x86
		{52799357-D038-4DBC-98F1-3D99A5C3A84C}.Ad-Hoc|iPhoneSimulator.Deploy.0 = Release|x86
		{52799357-D038-4DBC-98F1-3D99A5C3A84C}.Ad-Hoc|x64.ActiveCfg = Release|x64
		{52799357-D038-4DBC-98F1-3D99A5C3A84C}.Ad-Hoc|x64.Build.0 = Release|x64
		{52799357-D038-4DBC-98F1-3D99A5C3A84C}.Ad-Hoc|x64.Deploy.0 = Release|x64
		{52799357-D038-4DBC-98F1-3D99A5C3A84C}.Ad-Hoc|x86.ActiveCfg = Release|x86
		{52799357-D038-4DBC-98F1-3D99A5C3A84C}.Ad-Hoc|x86.Build.0 = Release|x86
		{52799357-D038-4DBC-98F1-3D99A5C3A84C}.Ad-Hoc|x86.Deploy.0 = Release|x86
		{52799357-D038-4DBC-98F1-3D99A5C3A84C}.AppStore|Any CPU.ActiveCfg = Release|x86
		{52799357-D038-4DBC-98F1-3D99A5C3A84C}.AppStore|Any CPU.Build.0 = Release|x86
		{52799357-D038-4DBC-98F1-3D99A5C3A84C}.AppStore|Any CPU.Deploy.0 = Release|x86
		{52799357-D038-4DBC-98F1-3D99A5C3A84C}.AppStore|ARM.ActiveCfg = Release|ARM
		{52799357-D038-4DBC-98F1-3D99A5C3A84C}.AppStore|ARM.Build.0 = Release|ARM
		{52799357-D038-4DBC-98F1-3D99A5C3A84C}.AppStore|ARM.Deploy.0 = Release|ARM
		{52799357-D038-4DBC-98F1-3D99A5C3A84C}.AppStore|iPhone.ActiveCfg = Release|x86
		{52799357-D038-4DBC-98F1-3D99A5C3A84C}.AppStore|iPhone.Build.0 = Release|x86
		{52799357-D038-4DBC-98F1-3D99A5C3A84C}.AppStore|iPhone.Deploy.0 = Release|x86
		{52799357-D038-4DBC-98F1-3D99A5C3A84C}.AppStore|iPhoneSimulator.ActiveCfg = Release|x86
		{52799357-D038-4DBC-98F1-3D99A5C3A84C}.AppStore|iPhoneSimulator.Build.0 = Release|x86
		{52799357-D038-4DBC-98F1-3D99A5C3A84C}.AppStore|iPhoneSimulator.Deploy.0 = Release|x86
		{52799357-D038-4DBC-98F1-3D99A5C3A84C}.AppStore|x64.ActiveCfg = Release|x64
		{52799357-D038-4DBC-98F1-3D99A5C3A84C}.AppStore|x64.Build.0 = Release|x64
		{52799357-D038-4DBC-98F1-3D99A5C3A84C}.AppStore|x64.Deploy.0 = Release|x64
		{52799357-D038-4DBC-98F1-3D99A5C3A84C}.AppStore|x86.ActiveCfg = Release|x86
		{52799357-D038-4DBC-98F1-3D99A5C3A84C}.AppStore|x86.Build.0 = Release|x86
		{52799357-D038-4DBC-98F1-3D99A5C3A84C}.AppStore|x86.Deploy.0 = Release|x86
		{52799357-D038-4DBC-98F1-3D99A5C3A84C}.Debug|Any CPU.ActiveCfg = Debug|x86
		{52799357-D038-4DBC-98F1-3D99A5C3A84C}.Debug|ARM.ActiveCfg = Debug|ARM
		{52799357-D038-4DBC-98F1-3D99A5C3A84C}.Debug|ARM.Build.0 = Debug|ARM
		{52799357-D038-4DBC-98F1-3D99A5C3A84C}.Debug|ARM.Deploy.0 = Debug|ARM
		{52799357-D038-4DBC-98F1-3D99A5C3A84C}.Debug|iPhone.ActiveCfg = Debug|x86
		{52799357-D038-4DBC-98F1-3D99A5C3A84C}.Debug|iPhoneSimulator.ActiveCfg = Debug|x86
		{52799357-D038-4DBC-98F1-3D99A5C3A84C}.Debug|x64.ActiveCfg = Debug|x64
		{52799357-D038-4DBC-98F1-3D99A5C3A84C}.Debug|x64.Build.0 = Debug|x64
		{52799357-D038-4DBC-98F1-3D99A5C3A84C}.Debug|x64.Deploy.0 = Debug|x64
		{52799357-D038-4DBC-98F1-3D99A5C3A84C}.Debug|x86.ActiveCfg = Debug|x86
		{52799357-D038-4DBC-98F1-3D99A5C3A84C}.Debug|x86.Build.0 = Debug|x86
		{52799357-D038-4DBC-98F1-3D99A5C3A84C}.Debug|x86.Deploy.0 = Debug|x86
		{52799357-D038-4DBC-98F1-3D99A5C3A84C}.Release|Any CPU.ActiveCfg = Release|x86
		{52799357-D038-4DBC-98F1-3D99A5C3A84C}.Release|ARM.ActiveCfg = Release|ARM
		{52799357-D038-4DBC-98F1-3D99A5C3A84C}.Release|ARM.Build.0 = Release|ARM
		{52799357-D038-4DBC-98F1-3D99A5C3A84C}.Release|ARM.Deploy.0 = Release|ARM
		{52799357-D038-4DBC-98F1-3D99A5C3A84C}.Release|iPhone.ActiveCfg = Release|x86
		{52799357-D038-4DBC-98F1-3D99A5C3A84C}.Release|iPhoneSimulator.ActiveCfg = Release|x86
		{52799357-D038-4DBC-98F1-3D99A5C3A84C}.Release|x64.ActiveCfg = Release|x64
		{52799357-D038-4DBC-98F1-3D99A5C3A84C}.Release|x64.Build.0 = Release|x64
		{52799357-D038-4DBC-98F1-3D99A5C3A84C}.Release|x64.Deploy.0 = Release|x64
		{52799357-D038-4DBC-98F1-3D99A5C3A84C}.Release|x86.ActiveCfg = Release|x86
		{52799357-D038-4DBC-98F1-3D99A5C3A84C}.Release|x86.Build.0 = Release|x86
		{52799357-D038-4DBC-98F1-3D99A5C3A84C}.Release|x86.Deploy.0 = Release|x86
		{A76C3074-DCE8-44E3-9977-2443D3234B0D}.Ad-Hoc|Any CPU.ActiveCfg = Debug|Any CPU
		{A76C3074-DCE8-44E3-9977-2443D3234B0D}.Ad-Hoc|Any CPU.Build.0 = Debug|Any CPU
		{A76C3074-DCE8-44E3-9977-2443D3234B0D}.Ad-Hoc|ARM.ActiveCfg = Debug|Any CPU
		{A76C3074-DCE8-44E3-9977-2443D3234B0D}.Ad-Hoc|ARM.Build.0 = Debug|Any CPU
		{A76C3074-DCE8-44E3-9977-2443D3234B0D}.Ad-Hoc|iPhone.ActiveCfg = Debug|Any CPU
		{A76C3074-DCE8-44E3-9977-2443D3234B0D}.Ad-Hoc|iPhone.Build.0 = Debug|Any CPU
		{A76C3074-DCE8-44E3-9977-2443D3234B0D}.Ad-Hoc|iPhoneSimulator.ActiveCfg = Debug|Any CPU
		{A76C3074-DCE8-44E3-9977-2443D3234B0D}.Ad-Hoc|iPhoneSimulator.Build.0 = Debug|Any CPU
		{A76C3074-DCE8-44E3-9977-2443D3234B0D}.Ad-Hoc|x64.ActiveCfg = Debug|Any CPU
		{A76C3074-DCE8-44E3-9977-2443D3234B0D}.Ad-Hoc|x64.Build.0 = Debug|Any CPU
		{A76C3074-DCE8-44E3-9977-2443D3234B0D}.Ad-Hoc|x86.ActiveCfg = Debug|Any CPU
		{A76C3074-DCE8-44E3-9977-2443D3234B0D}.Ad-Hoc|x86.Build.0 = Debug|Any CPU
		{A76C3074-DCE8-44E3-9977-2443D3234B0D}.AppStore|Any CPU.ActiveCfg = Debug|Any CPU
		{A76C3074-DCE8-44E3-9977-2443D3234B0D}.AppStore|Any CPU.Build.0 = Debug|Any CPU
		{A76C3074-DCE8-44E3-9977-2443D3234B0D}.AppStore|ARM.ActiveCfg = Debug|Any CPU
		{A76C3074-DCE8-44E3-9977-2443D3234B0D}.AppStore|ARM.Build.0 = Debug|Any CPU
		{A76C3074-DCE8-44E3-9977-2443D3234B0D}.AppStore|iPhone.ActiveCfg = Debug|Any CPU
		{A76C3074-DCE8-44E3-9977-2443D3234B0D}.AppStore|iPhone.Build.0 = Debug|Any CPU
		{A76C3074-DCE8-44E3-9977-2443D3234B0D}.AppStore|iPhoneSimulator.ActiveCfg = Debug|Any CPU
		{A76C3074-DCE8-44E3-9977-2443D3234B0D}.AppStore|iPhoneSimulator.Build.0 = Debug|Any CPU
		{A76C3074-DCE8-44E3-9977-2443D3234B0D}.AppStore|x64.ActiveCfg = Debug|Any CPU
		{A76C3074-DCE8-44E3-9977-2443D3234B0D}.AppStore|x64.Build.0 = Debug|Any CPU
		{A76C3074-DCE8-44E3-9977-2443D3234B0D}.AppStore|x86.ActiveCfg = Debug|Any CPU
		{A76C3074-DCE8-44E3-9977-2443D3234B0D}.AppStore|x86.Build.0 = Debug|Any CPU
		{A76C3074-DCE8-44E3-9977-2443D3234B0D}.Debug|Any CPU.ActiveCfg = Debug|Any CPU
		{A76C3074-DCE8-44E3-9977-2443D3234B0D}.Debug|Any CPU.Build.0 = Debug|Any CPU
		{A76C3074-DCE8-44E3-9977-2443D3234B0D}.Debug|ARM.ActiveCfg = Debug|Any CPU
		{A76C3074-DCE8-44E3-9977-2443D3234B0D}.Debug|ARM.Build.0 = Debug|Any CPU
		{A76C3074-DCE8-44E3-9977-2443D3234B0D}.Debug|iPhone.ActiveCfg = Debug|Any CPU
		{A76C3074-DCE8-44E3-9977-2443D3234B0D}.Debug|iPhone.Build.0 = Debug|Any CPU
		{A76C3074-DCE8-44E3-9977-2443D3234B0D}.Debug|iPhoneSimulator.ActiveCfg = Debug|Any CPU
		{A76C3074-DCE8-44E3-9977-2443D3234B0D}.Debug|iPhoneSimulator.Build.0 = Debug|Any CPU
		{A76C3074-DCE8-44E3-9977-2443D3234B0D}.Debug|x64.ActiveCfg = Debug|Any CPU
		{A76C3074-DCE8-44E3-9977-2443D3234B0D}.Debug|x64.Build.0 = Debug|Any CPU
		{A76C3074-DCE8-44E3-9977-2443D3234B0D}.Debug|x86.ActiveCfg = Debug|Any CPU
		{A76C3074-DCE8-44E3-9977-2443D3234B0D}.Debug|x86.Build.0 = Debug|Any CPU
		{A76C3074-DCE8-44E3-9977-2443D3234B0D}.Release|Any CPU.ActiveCfg = Release|Any CPU
		{A76C3074-DCE8-44E3-9977-2443D3234B0D}.Release|Any CPU.Build.0 = Release|Any CPU
		{A76C3074-DCE8-44E3-9977-2443D3234B0D}.Release|ARM.ActiveCfg = Release|Any CPU
		{A76C3074-DCE8-44E3-9977-2443D3234B0D}.Release|ARM.Build.0 = Release|Any CPU
		{A76C3074-DCE8-44E3-9977-2443D3234B0D}.Release|iPhone.ActiveCfg = Release|Any CPU
		{A76C3074-DCE8-44E3-9977-2443D3234B0D}.Release|iPhone.Build.0 = Release|Any CPU
		{A76C3074-DCE8-44E3-9977-2443D3234B0D}.Release|iPhoneSimulator.ActiveCfg = Release|Any CPU
		{A76C3074-DCE8-44E3-9977-2443D3234B0D}.Release|iPhoneSimulator.Build.0 = Release|Any CPU
		{A76C3074-DCE8-44E3-9977-2443D3234B0D}.Release|x64.ActiveCfg = Release|Any CPU
		{A76C3074-DCE8-44E3-9977-2443D3234B0D}.Release|x64.Build.0 = Release|Any CPU
		{A76C3074-DCE8-44E3-9977-2443D3234B0D}.Release|x86.ActiveCfg = Release|Any CPU
		{A76C3074-DCE8-44E3-9977-2443D3234B0D}.Release|x86.Build.0 = Release|Any CPU
	EndGlobalSection
	GlobalSection(SolutionProperties) = preSolution
		HideSolutionNode = FALSE
	EndGlobalSection
	GlobalSection(ExtensibilityGlobals) = postSolution
		SolutionGuid = {06D2495B-7756-4732-8662-A0892BEAFA49}
	EndGlobalSection
EndGlobal
